{
  "name": "grafo-de-transacciones",
  "version": "1.0.0",
  "lockfileVersion": 3,
  "requires": true,
  "packages": {
    "": {
      "name": "grafo-de-transacciones",
      "version": "1.0.0",
      "license": "ISC",
      "dependencies": {
        "grafo-de-transacciones": "file:"
      }
    },
    "node_modules/grafo-de-transacciones": {
      "resolved": "",
      "link": true
    }
  }
}
